// !$*UTF8*$!
{
	archiveVersion = 1;
	classes = {
	};
	objectVersion = 56;
	objects = {

/* Begin PBXBuildFile section */
		5F24ACAF2BC8554800603BD1 /* AppDelegate.swift in Sources */ = {isa = PBXBuildFile; fileRef = 5F24ACAE2BC8554800603BD1 /* AppDelegate.swift */; };
		5F24ACB12BC8554800603BD1 /* SceneDelegate.swift in Sources */ = {isa = PBXBuildFile; fileRef = 5F24ACB02BC8554800603BD1 /* SceneDelegate.swift */; };
		5F24ACB32BC8554800603BD1 /* MyFinalViewController.swift in Sources */ = {isa = PBXBuildFile; fileRef = 5F24ACB22BC8554800603BD1 /* MyFinalViewController.swift */; };
		5F24ACB62BC8554800603BD1 /* Main.storyboard in Resources */ = {isa = PBXBuildFile; fileRef = 5F24ACB42BC8554800603BD1 /* Main.storyboard */; };
		5F24ACB82BC8554900603BD1 /* Assets.xcassets in Resources */ = {isa = PBXBuildFile; fileRef = 5F24ACB72BC8554900603BD1 /* Assets.xcassets */; };
		5F24ACBB2BC8554900603BD1 /* LaunchScreen.storyboard in Resources */ = {isa = PBXBuildFile; fileRef = 5F24ACB92BC8554900603BD1 /* LaunchScreen.storyboard */; };
		5F24ACC62BC8554900603BD1 /* Shyama_Sodha_FE_8968768Tests.swift in Sources */ = {isa = PBXBuildFile; fileRef = 5F24ACC52BC8554900603BD1 /* Shyama_Sodha_FE_8968768Tests.swift */; };
		5F24ACD02BC8554900603BD1 /* Shyama_Sodha_FE_8968768UITests.swift in Sources */ = {isa = PBXBuildFile; fileRef = 5F24ACCF2BC8554900603BD1 /* Shyama_Sodha_FE_8968768UITests.swift */; };
		5F24ACD22BC8554900603BD1 /* Shyama_Sodha_FE_8968768UITestsLaunchTests.swift in Sources */ = {isa = PBXBuildFile; fileRef = 5F24ACD12BC8554900603BD1 /* Shyama_Sodha_FE_8968768UITestsLaunchTests.swift */; };
		5F24ACE02BC8555C00603BD1 /* MapKit.framework in Frameworks */ = {isa = PBXBuildFile; fileRef = 5F24ACDF2BC8555C00603BD1 /* MapKit.framework */; };
		5F24ACE22BC8556600603BD1 /* CoreLocation.framework in Frameworks */ = {isa = PBXBuildFile; fileRef = 5F24ACE12BC8556600603BD1 /* CoreLocation.framework */; };
		5F805E4E2BC8733900660DBB /* WeatherViewController.swift in Sources */ = {isa = PBXBuildFile; fileRef = 5F805E4D2BC8733900660DBB /* WeatherViewController.swift */; };
		5F805E502BC873C200660DBB /* NewsViewController.swift in Sources */ = {isa = PBXBuildFile; fileRef = 5F805E4F2BC873C200660DBB /* NewsViewController.swift */; };
		5F805E522BC873EC00660DBB /* DirectionsViewController.swift in Sources */ = {isa = PBXBuildFile; fileRef = 5F805E512BC873EC00660DBB /* DirectionsViewController.swift */; };
		5F805E542BC8740C00660DBB /* HistoryViewController.swift in Sources */ = {isa = PBXBuildFile; fileRef = 5F805E532BC8740C00660DBB /* HistoryViewController.swift */; };
		6B13396D2BCB2E03003D4BD4 /* HistoryDataSource.swift in Sources */ = {isa = PBXBuildFile; fileRef = 6B13396C2BCB2E03003D4BD4 /* HistoryDataSource.swift */; };
		6B62960B2BCA023C00636A88 /* SharedConstants.swift in Sources */ = {isa = PBXBuildFile; fileRef = 6B62960A2BCA023C00636A88 /* SharedConstants.swift */; };
/* End PBXBuildFile section */

/* Begin PBXContainerItemProxy section */
		5F24ACC22BC8554900603BD1 /* PBXContainerItemProxy */ = {
			isa = PBXContainerItemProxy;
			containerPortal = 5F24ACA32BC8554800603BD1 /* Project object */;
			proxyType = 1;
			remoteGlobalIDString = 5F24ACAA2BC8554800603BD1;
			remoteInfo = Shyama_Sodha_FE_8968768;
		};
		5F24ACCC2BC8554900603BD1 /* PBXContainerItemProxy */ = {
			isa = PBXContainerItemProxy;
			containerPortal = 5F24ACA32BC8554800603BD1 /* Project object */;
			proxyType = 1;
			remoteGlobalIDString = 5F24ACAA2BC8554800603BD1;
			remoteInfo = Shyama_Sodha_FE_8968768;
		};
/* End PBXContainerItemProxy section */

/* Begin PBXFileReference section */
		5F24ACAB2BC8554800603BD1 /* Shyama_Sodha_FE_8968768.app */ = {isa = PBXFileReference; explicitFileType = wrapper.application; includeInIndex = 0; path = Shyama_Sodha_FE_8968768.app; sourceTree = BUILT_PRODUCTS_DIR; };
		5F24ACAE2BC8554800603BD1 /* AppDelegate.swift */ = {isa = PBXFileReference; lastKnownFileType = sourcecode.swift; path = AppDelegate.swift; sourceTree = "<group>"; };
		5F24ACB02BC8554800603BD1 /* SceneDelegate.swift */ = {isa = PBXFileReference; lastKnownFileType = sourcecode.swift; path = SceneDelegate.swift; sourceTree = "<group>"; };
		5F24ACB22BC8554800603BD1 /* MyFinalViewController.swift */ = {isa = PBXFileReference; lastKnownFileType = sourcecode.swift; path = MyFinalViewController.swift; sourceTree = "<group>"; };
		5F24ACB52BC8554800603BD1 /* Base */ = {isa = PBXFileReference; lastKnownFileType = file.storyboard; name = Base; path = Base.lproj/Main.storyboard; sourceTree = "<group>"; };
		5F24ACB72BC8554900603BD1 /* Assets.xcassets */ = {isa = PBXFileReference; lastKnownFileType = folder.assetcatalog; path = Assets.xcassets; sourceTree = "<group>"; };
		5F24ACBA2BC8554900603BD1 /* Base */ = {isa = PBXFileReference; lastKnownFileType = file.storyboard; name = Base; path = Base.lproj/LaunchScreen.storyboard; sourceTree = "<group>"; };
		5F24ACBC2BC8554900603BD1 /* Info.plist */ = {isa = PBXFileReference; lastKnownFileType = text.plist.xml; path = Info.plist; sourceTree = "<group>"; };
		5F24ACC12BC8554900603BD1 /* Shyama_Sodha_FE_8968768Tests.xctest */ = {isa = PBXFileReference; explicitFileType = wrapper.cfbundle; includeInIndex = 0; path = Shyama_Sodha_FE_8968768Tests.xctest; sourceTree = BUILT_PRODUCTS_DIR; };
		5F24ACC52BC8554900603BD1 /* Shyama_Sodha_FE_8968768Tests.swift */ = {isa = PBXFileReference; lastKnownFileType = sourcecode.swift; path = Shyama_Sodha_FE_8968768Tests.swift; sourceTree = "<group>"; };
		5F24ACCB2BC8554900603BD1 /* Shyama_Sodha_FE_8968768UITests.xctest */ = {isa = PBXFileReference; explicitFileType = wrapper.cfbundle; includeInIndex = 0; path = Shyama_Sodha_FE_8968768UITests.xctest; sourceTree = BUILT_PRODUCTS_DIR; };
		5F24ACCF2BC8554900603BD1 /* Shyama_Sodha_FE_8968768UITests.swift */ = {isa = PBXFileReference; lastKnownFileType = sourcecode.swift; path = Shyama_Sodha_FE_8968768UITests.swift; sourceTree = "<group>"; };
		5F24ACD12BC8554900603BD1 /* Shyama_Sodha_FE_8968768UITestsLaunchTests.swift */ = {isa = PBXFileReference; lastKnownFileType = sourcecode.swift; path = Shyama_Sodha_FE_8968768UITestsLaunchTests.swift; sourceTree = "<group>"; };
		5F24ACDF2BC8555C00603BD1 /* MapKit.framework */ = {isa = PBXFileReference; lastKnownFileType = wrapper.framework; name = MapKit.framework; path = System/Library/Frameworks/MapKit.framework; sourceTree = SDKROOT; };
		5F24ACE12BC8556600603BD1 /* CoreLocation.framework */ = {isa = PBXFileReference; lastKnownFileType = wrapper.framework; name = CoreLocation.framework; path = System/Library/Frameworks/CoreLocation.framework; sourceTree = SDKROOT; };
		5F805E4D2BC8733900660DBB /* WeatherViewController.swift */ = {isa = PBXFileReference; lastKnownFileType = sourcecode.swift; path = WeatherViewController.swift; sourceTree = "<group>"; };
		5F805E4F2BC873C200660DBB /* NewsViewController.swift */ = {isa = PBXFileReference; lastKnownFileType = sourcecode.swift; path = NewsViewController.swift; sourceTree = "<group>"; };
		5F805E512BC873EC00660DBB /* DirectionsViewController.swift */ = {isa = PBXFileReference; lastKnownFileType = sourcecode.swift; path = DirectionsViewController.swift; sourceTree = "<group>"; };
		5F805E532BC8740C00660DBB /* HistoryViewController.swift */ = {isa = PBXFileReference; lastKnownFileType = sourcecode.swift; path = HistoryViewController.swift; sourceTree = "<group>"; };
		6B13396C2BCB2E03003D4BD4 /* HistoryDataSource.swift */ = {isa = PBXFileReference; lastKnownFileType = sourcecode.swift; path = HistoryDataSource.swift; sourceTree = "<group>"; };
		6B62960A2BCA023C00636A88 /* SharedConstants.swift */ = {isa = PBXFileReference; lastKnownFileType = sourcecode.swift; path = SharedConstants.swift; sourceTree = "<group>"; };
/* End PBXFileReference section */

/* Begin PBXFrameworksBuildPhase section */
		5F24ACA82BC8554800603BD1 /* Frameworks */ = {
			isa = PBXFrameworksBuildPhase;
			buildActionMask = 2147483647;
			files = (
				5F24ACE22BC8556600603BD1 /* CoreLocation.framework in Frameworks */,
				5F24ACE02BC8555C00603BD1 /* MapKit.framework in Frameworks */,
			);
			runOnlyForDeploymentPostprocessing = 0;
		};
		5F24ACBE2BC8554900603BD1 /* Frameworks */ = {
			isa = PBXFrameworksBuildPhase;
			buildActionMask = 2147483647;
			files = (
			);
			runOnlyForDeploymentPostprocessing = 0;
		};
		5F24ACC82BC8554900603BD1 /* Frameworks */ = {
			isa = PBXFrameworksBuildPhase;
			buildActionMask = 2147483647;
			files = (
			);
			runOnlyForDeploymentPostprocessing = 0;
		};
/* End PBXFrameworksBuildPhase section */

/* Begin PBXGroup section */
		5F24ACA22BC8554800603BD1 = {
			isa = PBXGroup;
			children = (
				5F24ACAD2BC8554800603BD1 /* Shyama_Sodha_FE_8968768 */,
				5F24ACC42BC8554900603BD1 /* Shyama_Sodha_FE_8968768Tests */,
				5F24ACCE2BC8554900603BD1 /* Shyama_Sodha_FE_8968768UITests */,
				5F24ACAC2BC8554800603BD1 /* Products */,
				5F24ACDE2BC8555C00603BD1 /* Frameworks */,
			);
			sourceTree = "<group>";
		};
		5F24ACAC2BC8554800603BD1 /* Products */ = {
			isa = PBXGroup;
			children = (
				5F24ACAB2BC8554800603BD1 /* Shyama_Sodha_FE_8968768.app */,
				5F24ACC12BC8554900603BD1 /* Shyama_Sodha_FE_8968768Tests.xctest */,
				5F24ACCB2BC8554900603BD1 /* Shyama_Sodha_FE_8968768UITests.xctest */,
			);
			name = Products;
			sourceTree = "<group>";
		};
		5F24ACAD2BC8554800603BD1 /* Shyama_Sodha_FE_8968768 */ = {
			isa = PBXGroup;
			children = (
				5F805E532BC8740C00660DBB /* HistoryViewController.swift */,
				5F24ACAE2BC8554800603BD1 /* AppDelegate.swift */,
				5F24ACB02BC8554800603BD1 /* SceneDelegate.swift */,
				5F24ACB22BC8554800603BD1 /* MyFinalViewController.swift */,
				5F805E4D2BC8733900660DBB /* WeatherViewController.swift */,
				5F805E4F2BC873C200660DBB /* NewsViewController.swift */,
				5F805E512BC873EC00660DBB /* DirectionsViewController.swift */,
				5F24ACB42BC8554800603BD1 /* Main.storyboard */,
				5F24ACB72BC8554900603BD1 /* Assets.xcassets */,
				5F24ACB92BC8554900603BD1 /* LaunchScreen.storyboard */,
				5F24ACBC2BC8554900603BD1 /* Info.plist */,
				6B62960A2BCA023C00636A88 /* SharedConstants.swift */,
				6B13396C2BCB2E03003D4BD4 /* HistoryDataSource.swift */,
			);
			path = Shyama_Sodha_FE_8968768;
			sourceTree = "<group>";
		};
		5F24ACC42BC8554900603BD1 /* Shyama_Sodha_FE_8968768Tests */ = {
			isa = PBXGroup;
			children = (
				5F24ACC52BC8554900603BD1 /* Shyama_Sodha_FE_8968768Tests.swift */,
			);
			path = Shyama_Sodha_FE_8968768Tests;
			sourceTree = "<group>";
		};
		5F24ACCE2BC8554900603BD1 /* Shyama_Sodha_FE_8968768UITests */ = {
			isa = PBXGroup;
			children = (
				5F24ACCF2BC8554900603BD1 /* Shyama_Sodha_FE_8968768UITests.swift */,
				5F24ACD12BC8554900603BD1 /* Shyama_Sodha_FE_8968768UITestsLaunchTests.swift */,
			);
			path = Shyama_Sodha_FE_8968768UITests;
			sourceTree = "<group>";
		};
		5F24ACDE2BC8555C00603BD1 /* Frameworks */ = {
			isa = PBXGroup;
			children = (
				5F24ACE12BC8556600603BD1 /* CoreLocation.framework */,
				5F24ACDF2BC8555C00603BD1 /* MapKit.framework */,
			);
			name = Frameworks;
			sourceTree = "<group>";
		};
/* End PBXGroup section */

/* Begin PBXNativeTarget section */
		5F24ACAA2BC8554800603BD1 /* Shyama_Sodha_FE_8968768 */ = {
			isa = PBXNativeTarget;
			buildConfigurationList = 5F24ACD52BC8554900603BD1 /* Build configuration list for PBXNativeTarget "Shyama_Sodha_FE_8968768" */;
			buildPhases = (
				5F24ACA72BC8554800603BD1 /* Sources */,
				5F24ACA82BC8554800603BD1 /* Frameworks */,
				5F24ACA92BC8554800603BD1 /* Resources */,
			);
			buildRules = (
			);
			dependencies = (
			);
			name = Shyama_Sodha_FE_8968768;
			productName = Shyama_Sodha_FE_8968768;
			productReference = 5F24ACAB2BC8554800603BD1 /* Shyama_Sodha_FE_8968768.app */;
			productType = "com.apple.product-type.application";
		};
		5F24ACC02BC8554900603BD1 /* Shyama_Sodha_FE_8968768Tests */ = {
			isa = PBXNativeTarget;
			buildConfigurationList = 5F24ACD82BC8554900603BD1 /* Build configuration list for PBXNativeTarget "Shyama_Sodha_FE_8968768Tests" */;
			buildPhases = (
				5F24ACBD2BC8554900603BD1 /* Sources */,
				5F24ACBE2BC8554900603BD1 /* Frameworks */,
				5F24ACBF2BC8554900603BD1 /* Resources */,
			);
			buildRules = (
			);
			dependencies = (
				5F24ACC32BC8554900603BD1 /* PBXTargetDependency */,
			);
			name = Shyama_Sodha_FE_8968768Tests;
			productName = Shyama_Sodha_FE_8968768Tests;
			productReference = 5F24ACC12BC8554900603BD1 /* Shyama_Sodha_FE_8968768Tests.xctest */;
			productType = "com.apple.product-type.bundle.unit-test";
		};
		5F24ACCA2BC8554900603BD1 /* Shyama_Sodha_FE_8968768UITests */ = {
			isa = PBXNativeTarget;
			buildConfigurationList = 5F24ACDB2BC8554900603BD1 /* Build configuration list for PBXNativeTarget "Shyama_Sodha_FE_8968768UITests" */;
			buildPhases = (
				5F24ACC72BC8554900603BD1 /* Sources */,
				5F24ACC82BC8554900603BD1 /* Frameworks */,
				5F24ACC92BC8554900603BD1 /* Resources */,
			);
			buildRules = (
			);
			dependencies = (
				5F24ACCD2BC8554900603BD1 /* PBXTargetDependency */,
			);
			name = Shyama_Sodha_FE_8968768UITests;
			productName = Shyama_Sodha_FE_8968768UITests;
			productReference = 5F24ACCB2BC8554900603BD1 /* Shyama_Sodha_FE_8968768UITests.xctest */;
			productType = "com.apple.product-type.bundle.ui-testing";
		};
/* End PBXNativeTarget section */

/* Begin PBXProject section */
		5F24ACA32BC8554800603BD1 /* Project object */ = {
			isa = PBXProject;
			attributes = {
				BuildIndependentTargetsInParallel = 1;
				LastSwiftUpdateCheck = 1420;
				LastUpgradeCheck = 1420;
				TargetAttributes = {
					5F24ACAA2BC8554800603BD1 = {
						CreatedOnToolsVersion = 14.2;
					};
					5F24ACC02BC8554900603BD1 = {
						CreatedOnToolsVersion = 14.2;
						TestTargetID = 5F24ACAA2BC8554800603BD1;
					};
					5F24ACCA2BC8554900603BD1 = {
						CreatedOnToolsVersion = 14.2;
						TestTargetID = 5F24ACAA2BC8554800603BD1;
					};
				};
			};
			buildConfigurationList = 5F24ACA62BC8554800603BD1 /* Build configuration list for PBXProject "Shyama_Sodha_FE_8968768" */;
			compatibilityVersion = "Xcode 14.0";
			developmentRegion = en;
			hasScannedForEncodings = 0;
			knownRegions = (
				en,
				Base,
			);
			mainGroup = 5F24ACA22BC8554800603BD1;
			productRefGroup = 5F24ACAC2BC8554800603BD1 /* Products */;
			projectDirPath = "";
			projectRoot = "";
			targets = (
				5F24ACAA2BC8554800603BD1 /* Shyama_Sodha_FE_8968768 */,
				5F24ACC02BC8554900603BD1 /* Shyama_Sodha_FE_8968768Tests */,
				5F24ACCA2BC8554900603BD1 /* Shyama_Sodha_FE_8968768UITests */,
			);
		};
/* End PBXProject section */

/* Begin PBXResourcesBuildPhase section */
		5F24ACA92BC8554800603BD1 /* Resources */ = {
			isa = PBXResourcesBuildPhase;
			buildActionMask = 2147483647;
			files = (
				5F24ACBB2BC8554900603BD1 /* LaunchScreen.storyboard in Resources */,
				5F24ACB82BC8554900603BD1 /* Assets.xcassets in Resources */,
				5F24ACB62BC8554800603BD1 /* Main.storyboard in Resources */,
			);
			runOnlyForDeploymentPostprocessing = 0;
		};
		5F24ACBF2BC8554900603BD1 /* Resources */ = {
			isa = PBXResourcesBuildPhase;
			buildActionMask = 2147483647;
			files = (
			);
			runOnlyForDeploymentPostprocessing = 0;
		};
		5F24ACC92BC8554900603BD1 /* Resources */ = {
			isa = PBXResourcesBuildPhase;
			buildActionMask = 2147483647;
			files = (
			);
			runOnlyForDeploymentPostprocessing = 0;
		};
/* End PBXResourcesBuildPhase section */

/* Begin PBXSourcesBuildPhase section */
		5F24ACA72BC8554800603BD1 /* Sources */ = {
			isa = PBXSourcesBuildPhase;
			buildActionMask = 2147483647;
			files = (
				6B13396D2BCB2E03003D4BD4 /* HistoryDataSource.swift in Sources */,
				5F24ACB32BC8554800603BD1 /* MyFinalViewController.swift in Sources */,
				5F805E4E2BC8733900660DBB /* WeatherViewController.swift in Sources */,
				5F24ACAF2BC8554800603BD1 /* AppDelegate.swift in Sources */,
				5F805E502BC873C200660DBB /* NewsViewController.swift in Sources */,
				6B62960B2BCA023C00636A88 /* SharedConstants.swift in Sources */,
				5F805E522BC873EC00660DBB /* DirectionsViewController.swift in Sources */,
				5F805E542BC8740C00660DBB /* HistoryViewController.swift in Sources */,
				5F24ACB12BC8554800603BD1 /* SceneDelegate.swift in Sources */,
			);
			runOnlyForDeploymentPostprocessing = 0;
		};
		5F24ACBD2BC8554900603BD1 /* Sources */ = {
			isa = PBXSourcesBuildPhase;
			buildActionMask = 2147483647;
			files = (
				5F24ACC62BC8554900603BD1 /* Shyama_Sodha_FE_8968768Tests.swift in Sources */,
			);
			runOnlyForDeploymentPostprocessing = 0;
		};
		5F24ACC72BC8554900603BD1 /* Sources */ = {
			isa = PBXSourcesBuildPhase;
			buildActionMask = 2147483647;
			files = (
				5F24ACD02BC8554900603BD1 /* Shyama_Sodha_FE_8968768UITests.swift in Sources */,
				5F24ACD22BC8554900603BD1 /* Shyama_Sodha_FE_8968768UITestsLaunchTests.swift in Sources */,
			);
			runOnlyForDeploymentPostprocessing = 0;
		};
/* End PBXSourcesBuildPhase section */

/* Begin PBXTargetDependency section */
		5F24ACC32BC8554900603BD1 /* PBXTargetDependency */ = {
			isa = PBXTargetDependency;
			target = 5F24ACAA2BC8554800603BD1 /* Shyama_Sodha_FE_8968768 */;
			targetProxy = 5F24ACC22BC8554900603BD1 /* PBXContainerItemProxy */;
		};
		5F24ACCD2BC8554900603BD1 /* PBXTargetDependency */ = {
			isa = PBXTargetDependency;
			target = 5F24ACAA2BC8554800603BD1 /* Shyama_Sodha_FE_8968768 */;
			targetProxy = 5F24ACCC2BC8554900603BD1 /* PBXContainerItemProxy */;
		};
/* End PBXTargetDependency section */

/* Begin PBXVariantGroup section */
		5F24ACB42BC8554800603BD1 /* Main.storyboard */ = {
			isa = PBXVariantGroup;
			children = (
				5F24ACB52BC8554800603BD1 /* Base */,
			);
			name = Main.storyboard;
			sourceTree = "<group>";
		};
		5F24ACB92BC8554900603BD1 /* LaunchScreen.storyboard */ = {
			isa = PBXVariantGroup;
			children = (
				5F24ACBA2BC8554900603BD1 /* Base */,
			);
			name = LaunchScreen.storyboard;
			sourceTree = "<group>";
		};
/* End PBXVariantGroup section */

/* Begin XCBuildConfiguration section */
		5F24ACD32BC8554900603BD1 /* Debug */ = {
			isa = XCBuildConfiguration;
			buildSettings = {
				ALWAYS_SEARCH_USER_PATHS = NO;
				CLANG_ANALYZER_NONNULL = YES;
				CLANG_ANALYZER_NUMBER_OBJECT_CONVERSION = YES_AGGRESSIVE;
				CLANG_CXX_LANGUAGE_STANDARD = "gnu++20";
				CLANG_ENABLE_MODULES = YES;
				CLANG_ENABLE_OBJC_ARC = YES;
				CLANG_ENABLE_OBJC_WEAK = YES;
				CLANG_WARN_BLOCK_CAPTURE_AUTORELEASING = YES;
				CLANG_WARN_BOOL_CONVERSION = YES;
				CLANG_WARN_COMMA = YES;
				CLANG_WARN_CONSTANT_CONVERSION = YES;
				CLANG_WARN_DEPRECATED_OBJC_IMPLEMENTATIONS = YES;
				CLANG_WARN_DIRECT_OBJC_ISA_USAGE = YES_ERROR;
				CLANG_WARN_DOCUMENTATION_COMMENTS = YES;
				CLANG_WARN_EMPTY_BODY = YES;
				CLANG_WARN_ENUM_CONVERSION = YES;
				CLANG_WARN_INFINITE_RECURSION = YES;
				CLANG_WARN_INT_CONVERSION = YES;
				CLANG_WARN_NON_LITERAL_NULL_CONVERSION = YES;
				CLANG_WARN_OBJC_IMPLICIT_RETAIN_SELF = YES;
				CLANG_WARN_OBJC_LITERAL_CONVERSION = YES;
				CLANG_WARN_OBJC_ROOT_CLASS = YES_ERROR;
				CLANG_WARN_QUOTED_INCLUDE_IN_FRAMEWORK_HEADER = YES;
				CLANG_WARN_RANGE_LOOP_ANALYSIS = YES;
				CLANG_WARN_STRICT_PROTOTYPES = YES;
				CLANG_WARN_SUSPICIOUS_MOVE = YES;
				CLANG_WARN_UNGUARDED_AVAILABILITY = YES_AGGRESSIVE;
				CLANG_WARN_UNREACHABLE_CODE = YES;
				CLANG_WARN__DUPLICATE_METHOD_MATCH = YES;
				COPY_PHASE_STRIP = NO;
				DEBUG_INFORMATION_FORMAT = dwarf;
				ENABLE_STRICT_OBJC_MSGSEND = YES;
				ENABLE_TESTABILITY = YES;
				GCC_C_LANGUAGE_STANDARD = gnu11;
				GCC_DYNAMIC_NO_PIC = NO;
				GCC_NO_COMMON_BLOCKS = YES;
				GCC_OPTIMIZATION_LEVEL = 0;
				GCC_PREPROCESSOR_DEFINITIONS = (
					"DEBUG=1",
					"$(inherited)",
				);
				GCC_WARN_64_TO_32_BIT_CONVERSION = YES;
				GCC_WARN_ABOUT_RETURN_TYPE = YES_ERROR;
				GCC_WARN_UNDECLARED_SELECTOR = YES;
				GCC_WARN_UNINITIALIZED_AUTOS = YES_AGGRESSIVE;
				GCC_WARN_UNUSED_FUNCTION = YES;
				GCC_WARN_UNUSED_VARIABLE = YES;
				IPHONEOS_DEPLOYMENT_TARGET = 16.2;
				MTL_ENABLE_DEBUG_INFO = INCLUDE_SOURCE;
				MTL_FAST_MATH = YES;
				ONLY_ACTIVE_ARCH = YES;
				SDKROOT = iphoneos;
				SWIFT_ACTIVE_COMPILATION_CONDITIONS = DEBUG;
				SWIFT_OPTIMIZATION_LEVEL = "-Onone";
			};
			name = Debug;
		};
		5F24ACD42BC8554900603BD1 /* Release */ = {
			isa = XCBuildConfiguration;
			buildSettings = {
				ALWAYS_SEARCH_USER_PATHS = NO;
				CLANG_ANALYZER_NONNULL = YES;
				CLANG_ANALYZER_NUMBER_OBJECT_CONVERSION = YES_AGGRESSIVE;
				CLANG_CXX_LANGUAGE_STANDARD = "gnu++20";
				CLANG_ENABLE_MODULES = YES;
				CLANG_ENABLE_OBJC_ARC = YES;
				CLANG_ENABLE_OBJC_WEAK = YES;
				CLANG_WARN_BLOCK_CAPTURE_AUTORELEASING = YES;
				CLANG_WARN_BOOL_CONVERSION = YES;
				CLANG_WARN_COMMA = YES;
				CLANG_WARN_CONSTANT_CONVERSION = YES;
				CLANG_WARN_DEPRECATED_OBJC_IMPLEMENTATIONS = YES;
				CLANG_WARN_DIRECT_OBJC_ISA_USAGE = YES_ERROR;
				CLANG_WARN_DOCUMENTATION_COMMENTS = YES;
				CLANG_WARN_EMPTY_BODY = YES;
				CLANG_WARN_ENUM_CONVERSION = YES;
				CLANG_WARN_INFINITE_RECURSION = YES;
				CLANG_WARN_INT_CONVERSION = YES;
				CLANG_WARN_NON_LITERAL_NULL_CONVERSION = YES;
				CLANG_WARN_OBJC_IMPLICIT_RETAIN_SELF = YES;
				CLANG_WARN_OBJC_LITERAL_CONVERSION = YES;
				CLANG_WARN_OBJC_ROOT_CLASS = YES_ERROR;
				CLANG_WARN_QUOTED_INCLUDE_IN_FRAMEWORK_HEADER = YES;
				CLANG_WARN_RANGE_LOOP_ANALYSIS = YES;
				CLANG_WARN_STRICT_PROTOTYPES = YES;
				CLANG_WARN_SUSPICIOUS_MOVE = YES;
				CLANG_WARN_UNGUARDED_AVAILABILITY = YES_AGGRESSIVE;
				CLANG_WARN_UNREACHABLE_CODE = YES;
				CLANG_WARN__DUPLICATE_METHOD_MATCH = YES;
				COPY_PHASE_STRIP = NO;
				DEBUG_INFORMATION_FORMAT = "dwarf-with-dsym";
				ENABLE_NS_ASSERTIONS = NO;
				ENABLE_STRICT_OBJC_MSGSEND = YES;
				GCC_C_LANGUAGE_STANDARD = gnu11;
				GCC_NO_COMMON_BLOCKS = YES;
				GCC_WARN_64_TO_32_BIT_CONVERSION = YES;
				GCC_WARN_ABOUT_RETURN_TYPE = YES_ERROR;
				GCC_WARN_UNDECLARED_SELECTOR = YES;
				GCC_WARN_UNINITIALIZED_AUTOS = YES_AGGRESSIVE;
				GCC_WARN_UNUSED_FUNCTION = YES;
				GCC_WARN_UNUSED_VARIABLE = YES;
				IPHONEOS_DEPLOYMENT_TARGET = 16.2;
				MTL_ENABLE_DEBUG_INFO = NO;
				MTL_FAST_MATH = YES;
				SDKROOT = iphoneos;
				SWIFT_COMPILATION_MODE = wholemodule;
				SWIFT_OPTIMIZATION_LEVEL = "-O";
				VALIDATE_PRODUCT = YES;
			};
			name = Release;
		};
		5F24ACD62BC8554900603BD1 /* Debug */ = {
			isa = XCBuildConfiguration;
			buildSettings = {
				ASSETCATALOG_COMPILER_APPICON_NAME = AppIcon;
				ASSETCATALOG_COMPILER_GLOBAL_ACCENT_COLOR_NAME = AccentColor;
				CODE_SIGN_STYLE = Automatic;
				CURRENT_PROJECT_VERSION = 1;
				GENERATE_INFOPLIST_FILE = YES;
				INFOPLIST_FILE = Shyama_Sodha_FE_8968768/Info.plist;
				INFOPLIST_KEY_UIApplicationSupportsIndirectInputEvents = YES;
				INFOPLIST_KEY_UILaunchStoryboardName = LaunchScreen;
				INFOPLIST_KEY_UIMainStoryboardFile = Main;
				INFOPLIST_KEY_UISupportedInterfaceOrientations_iPad = "UIInterfaceOrientationPortrait UIInterfaceOrientationPortraitUpsideDown UIInterfaceOrientationLandscapeLeft UIInterfaceOrientationLandscapeRight";
				INFOPLIST_KEY_UISupportedInterfaceOrientations_iPhone = "UIInterfaceOrientationPortrait UIInterfaceOrientationLandscapeLeft UIInterfaceOrientationLandscapeRight";
				IPHONEOS_DEPLOYMENT_TARGET = 14.0;
				LD_RUNPATH_SEARCH_PATHS = (
					"$(inherited)",
					"@executable_path/Frameworks",
				);
				MARKETING_VERSION = 1.0;
				PRODUCT_BUNDLE_IDENTIFIER = "com.conestoga.Shyama-Sodha-FE-8968768";
				PRODUCT_NAME = "$(TARGET_NAME)";
				SWIFT_EMIT_LOC_STRINGS = YES;
				SWIFT_VERSION = 5.0;
				TARGETED_DEVICE_FAMILY = "1,2";
			};
			name = Debug;
		};
		5F24ACD72BC8554900603BD1 /* Release */ = {
			isa = XCBuildConfiguration;
			buildSettings = {
				ASSETCATALOG_COMPILER_APPICON_NAME = AppIcon;
				ASSETCATALOG_COMPILER_GLOBAL_ACCENT_COLOR_NAME = AccentColor;
				CODE_SIGN_STYLE = Automatic;
				CURRENT_PROJECT_VERSION = 1;
				GENERATE_INFOPLIST_FILE = YES;
				INFOPLIST_FILE = Shyama_Sodha_FE_8968768/Info.plist;
				INFOPLIST_KEY_UIApplicationSupportsIndirectInputEvents = YES;
				INFOPLIST_KEY_UILaunchStoryboardName = LaunchScreen;
				INFOPLIST_KEY_UIMainStoryboardFile = Main;
				INFOPLIST_KEY_UISupportedInterfaceOrientations_iPad = "UIInterfaceOrientationPortrait UIInterfaceOrientationPortraitUpsideDown UIInterfaceOrientationLandscapeLeft UIInterfaceOrientationLandscapeRight";
				INFOPLIST_KEY_UISupportedInterfaceOrientations_iPhone = "UIInterfaceOrientationPortrait UIInterfaceOrientationLandscapeLeft UIInterfaceOrientationLandscapeRight";
				IPHONEOS_DEPLOYMENT_TARGET = 14.0;
				LD_RUNPATH_SEARCH_PATHS = (
					"$(inherited)",
					"@executable_path/Frameworks",
				);
				MARKETING_VERSION = 1.0;
				PRODUCT_BUNDLE_IDENTIFIER = "com.conestoga.Shyama-Sodha-FE-8968768";
				PRODUCT_NAME = "$(TARGET_NAME)";
				SWIFT_EMIT_LOC_STRINGS = YES;
				SWIFT_VERSION = 5.0;
				TARGETED_DEVICE_FAMILY = "1,2";
			};
			name = Release;
		};
		5F24ACD92BC8554900603BD1 /* Debug */ = {
			isa = XCBuildConfiguration;
			buildSettings = {
				ALWAYS_EMBED_SWIFT_STANDARD_LIBRARIES = YES;
				BUNDLE_LOADER = "$(TEST_HOST)";
				CODE_SIGN_STYLE = Automatic;
				CURRENT_PROJECT_VERSION = 1;
				GENERATE_INFOPLIST_FILE = YES;
				IPHONEOS_DEPLOYMENT_TARGET = 16.2;
				MARKETING_VERSION = 1.0;
				PRODUCT_BUNDLE_IDENTIFIER = "com.conestoga.Shyama-Sodha-FE-8968768Tests";
				PRODUCT_NAME = "$(TARGET_NAME)";
				SWIFT_EMIT_LOC_STRINGS = NO;
				SWIFT_VERSION = 5.0;
				TARGETED_DEVICE_FAMILY = "1,2";
				TEST_HOST = "$(BUILT_PRODUCTS_DIR)/Shyama_Sodha_FE_8968768.app/$(BUNDLE_EXECUTABLE_FOLDER_PATH)/Shyama_Sodha_FE_8968768";
			};
			name = Debug;
		};
		5F24ACDA2BC8554900603BD1 /* Release */ = {
			isa = XCBuildConfiguration;
			buildSettings = {
				ALWAYS_EMBED_SWIFT_STANDARD_LIBRARIES = YES;
				BUNDLE_LOADER = "$(TEST_HOST)";
				CODE_SIGN_STYLE = Automatic;
				CURRENT_PROJECT_VERSION = 1;
				GENERATE_INFOPLIST_FILE = YES;
				IPHONEOS_DEPLOYMENT_TARGET = 16.2;
				MARKETING_VERSION = 1.0;
				PRODUCT_BUNDLE_IDENTIFIER = "com.conestoga.Shyama-Sodha-FE-8968768Tests";
				PRODUCT_NAME = "$(TARGET_NAME)";
				SWIFT_EMIT_LOC_STRINGS = NO;
				SWIFT_VERSION = 5.0;
				TARGETED_DEVICE_FAMILY = "1,2";
				TEST_HOST = "$(BUILT_PRODUCTS_DIR)/Shyama_Sodha_FE_8968768.app/$(BUNDLE_EXECUTABLE_FOLDER_PATH)/Shyama_Sodha_FE_8968768";
			};
			name = Release;
		};
		5F24ACDC2BC8554900603BD1 /* Debug */ = {
			isa = XCBuildConfiguration;
			buildSettings = {
				ALWAYS_EMBED_SWIFT_STANDARD_LIBRARIES = YES;
				CODE_SIGN_STYLE = Automatic;
				CURRENT_PROJECT_VERSION = 1;
				GENERATE_INFOPLIST_FILE = YES;
				MARKETING_VERSION = 1.0;
				PRODUCT_BUNDLE_IDENTIFIER = "com.conestoga.Shyama-Sodha-FE-8968768UITests";
				PRODUCT_NAME = "$(TARGET_NAME)";
				SWIFT_EMIT_LOC_STRINGS = NO;
				SWIFT_VERSION = 5.0;
				TARGETED_DEVICE_FAMILY = "1,2";
				TEST_TARGET_NAME = Shyama_Sodha_FE_8968768;
			};
			name = Debug;
		};
		5F24ACDD2BC8554900603BD1 /* Release */ = {
			isa = XCBuildConfiguration;
			buildSettings = {
				ALWAYS_EMBED_SWIFT_STANDARD_LIBRARIES = YES;
				CODE_SIGN_STYLE = Automatic;
				CURRENT_PROJECT_VERSION = 1;
				GENERATE_INFOPLIST_FILE = YES;
				MARKETING_VERSION = 1.0;
				PRODUCT_BUNDLE_IDENTIFIER = "com.conestoga.Shyama-Sodha-FE-8968768UITests";
				PRODUCT_NAME = "$(TARGET_NAME)";
				SWIFT_EMIT_LOC_STRINGS = NO;
				SWIFT_VERSION = 5.0;
				TARGETED_DEVICE_FAMILY = "1,2";
				TEST_TARGET_NAME = Shyama_Sodha_FE_8968768;
			};
			name = Release;
		};
/* End XCBuildConfiguration section */

/* Begin XCConfigurationList section */
		5F24ACA62BC8554800603BD1 /* Build configuration list for PBXProject "Shyama_Sodha_FE_8968768" */ = {
			isa = XCConfigurationList;
			buildConfigurations = (
				5F24ACD32BC8554900603BD1 /* Debug */,
				5F24ACD42BC8554900603BD1 /* Release */,
			);
			defaultConfigurationIsVisible = 0;
			defaultConfigurationName = Release;
		};
		5F24ACD52BC8554900603BD1 /* Build configuration list for PBXNativeTarget "Shyama_Sodha_FE_8968768" */ = {
			isa = XCConfigurationList;
			buildConfigurations = (
				5F24ACD62BC8554900603BD1 /* Debug */,
				5F24ACD72BC8554900603BD1 /* Release */,
			);
			defaultConfigurationIsVisible = 0;
			defaultConfigurationName = Release;
		};
		5F24ACD82BC8554900603BD1 /* Build configuration list for PBXNativeTarget "Shyama_Sodha_FE_8968768Tests" */ = {
			isa = XCConfigurationList;
			buildConfigurations = (
				5F24ACD92BC8554900603BD1 /* Debug */,
				5F24ACDA2BC8554900603BD1 /* Release */,
			);
			defaultConfigurationIsVisible = 0;
			defaultConfigurationName = Release;
		};
		5F24ACDB2BC8554900603BD1 /* Build configuration list for PBXNativeTarget "Shyama_Sodha_FE_8968768UITests" */ = {
			isa = XCConfigurationList;
			buildConfigurations = (
				5F24ACDC2BC8554900603BD1 /* Debug */,
				5F24ACDD2BC8554900603BD1 /* Release */,
			);
			defaultConfigurationIsVisible = 0;
			defaultConfigurationName = Release;
		};
/* End XCConfigurationList section */
	};
	rootObject = 5F24ACA32BC8554800603BD1 /* Project object */;
}
